// !$*UTF8*$!
{
	archiveVersion = 1;
	classes = {
	};
	objectVersion = 52;
	objects = {

/* Begin PBXBuildFile section */
		1C1F357C249988C9006B821D /* blank.pdf in Resources */ = {isa = PBXBuildFile; fileRef = 1C1F357B249988C9006B821D /* blank.pdf */; };
		1C40C4C42498494400320D9C /* AppDelegate.swift in Sources */ = {isa = PBXBuildFile; fileRef = 1C40C4C32498494400320D9C /* AppDelegate.swift */; };
		1C40C4C62498494400320D9C /* SceneDelegate.swift in Sources */ = {isa = PBXBuildFile; fileRef = 1C40C4C52498494400320D9C /* SceneDelegate.swift */; };
		1C40C4C82498494400320D9C /* ViewController.swift in Sources */ = {isa = PBXBuildFile; fileRef = 1C40C4C72498494400320D9C /* ViewController.swift */; };
		1C40C4CB2498494400320D9C /* Main.storyboard in Resources */ = {isa = PBXBuildFile; fileRef = 1C40C4C92498494400320D9C /* Main.storyboard */; };
		1C40C4CD2498494600320D9C /* Assets.xcassets in Resources */ = {isa = PBXBuildFile; fileRef = 1C40C4CC2498494600320D9C /* Assets.xcassets */; };
		1C40C4D02498494600320D9C /* LaunchScreen.storyboard in Resources */ = {isa = PBXBuildFile; fileRef = 1C40C4CE2498494600320D9C /* LaunchScreen.storyboard */; };
		1C40C4F324984A4800320D9C /* PKViewController.swift in Sources */ = {isa = PBXBuildFile; fileRef = 1C40C4F224984A4800320D9C /* PKViewController.swift */; };
		1C40C4F52498526000320D9C /* Server.swift in Sources */ = {isa = PBXBuildFile; fileRef = 1C40C4F42498526000320D9C /* Server.swift */; };
		1C40C4F82498529C00320D9C /* CocoaAsyncSocket in Frameworks */ = {isa = PBXBuildFile; productRef = 1C40C4F72498529C00320D9C /* CocoaAsyncSocket */; };
/* End PBXBuildFile section */

/* Begin PBXFileReference section */
		1C1F357B249988C9006B821D /* blank.pdf */ = {isa = PBXFileReference; lastKnownFileType = image.pdf; path = blank.pdf; sourceTree = "<group>"; };
		1C40C4C02498494400320D9C /* OrgMark.app */ = {isa = PBXFileReference; explicitFileType = wrapper.application; includeInIndex = 0; path = OrgMark.app; sourceTree = BUILT_PRODUCTS_DIR; };
		1C40C4C32498494400320D9C /* AppDelegate.swift */ = {isa = PBXFileReference; lastKnownFileType = sourcecode.swift; path = AppDelegate.swift; sourceTree = "<group>"; };
		1C40C4C52498494400320D9C /* SceneDelegate.swift */ = {isa = PBXFileReference; lastKnownFileType = sourcecode.swift; path = SceneDelegate.swift; sourceTree = "<group>"; };
		1C40C4C72498494400320D9C /* ViewController.swift */ = {isa = PBXFileReference; lastKnownFileType = sourcecode.swift; path = ViewController.swift; sourceTree = "<group>"; };
		1C40C4CA2498494400320D9C /* Base */ = {isa = PBXFileReference; lastKnownFileType = file.storyboard; name = Base; path = Base.lproj/Main.storyboard; sourceTree = "<group>"; };
		1C40C4CC2498494600320D9C /* Assets.xcassets */ = {isa = PBXFileReference; lastKnownFileType = folder.assetcatalog; path = Assets.xcassets; sourceTree = "<group>"; };
		1C40C4CF2498494600320D9C /* Base */ = {isa = PBXFileReference; lastKnownFileType = file.storyboard; name = Base; path = Base.lproj/LaunchScreen.storyboard; sourceTree = "<group>"; };
		1C40C4D12498494600320D9C /* Info.plist */ = {isa = PBXFileReference; lastKnownFileType = text.plist.xml; path = Info.plist; sourceTree = "<group>"; };
		1C40C4F224984A4800320D9C /* PKViewController.swift */ = {isa = PBXFileReference; fileEncoding = 4; lastKnownFileType = sourcecode.swift; path = PKViewController.swift; sourceTree = "<group>"; };
		1C40C4F42498526000320D9C /* Server.swift */ = {isa = PBXFileReference; lastKnownFileType = sourcecode.swift; name = Server.swift; path = ../../Server.swift; sourceTree = "<group>"; };
/* End PBXFileReference section */

/* Begin PBXFrameworksBuildPhase section */
		1C40C4BD2498494400320D9C /* Frameworks */ = {
			isa = PBXFrameworksBuildPhase;
			buildActionMask = 2147483647;
			files = (
				1C40C4F82498529C00320D9C /* CocoaAsyncSocket in Frameworks */,
			);
			runOnlyForDeploymentPostprocessing = 0;
		};
/* End PBXFrameworksBuildPhase section */

/* Begin PBXGroup section */
		1C40C4B72498494400320D9C = {
			isa = PBXGroup;
			children = (
				1C40C4F42498526000320D9C /* Server.swift */,
				1C40C4C22498494400320D9C /* OrgMark */,
				1C40C4C12498494400320D9C /* Products */,
			);
			sourceTree = "<group>";
		};
		1C40C4C12498494400320D9C /* Products */ = {
			isa = PBXGroup;
			children = (
				1C40C4C02498494400320D9C /* OrgMark.app */,
			);
			name = Products;
			sourceTree = "<group>";
		};
		1C40C4C22498494400320D9C /* OrgMark */ = {
			isa = PBXGroup;
			children = (
				1C40C4C32498494400320D9C /* AppDelegate.swift */,
				1C40C4C52498494400320D9C /* SceneDelegate.swift */,
				1C40C4C72498494400320D9C /* ViewController.swift */,
				1C1F357B249988C9006B821D /* blank.pdf */,
				1C40C4F224984A4800320D9C /* PKViewController.swift */,
				1C40C4C92498494400320D9C /* Main.storyboard */,
				1C40C4CC2498494600320D9C /* Assets.xcassets */,
				1C40C4CE2498494600320D9C /* LaunchScreen.storyboard */,
				1C40C4D12498494600320D9C /* Info.plist */,
			);
			path = OrgMark;
			sourceTree = "<group>";
		};
/* End PBXGroup section */

/* Begin PBXNativeTarget section */
		1C40C4BF2498494400320D9C /* OrgMark */ = {
			isa = PBXNativeTarget;
			buildConfigurationList = 1C40C4D42498494600320D9C /* Build configuration list for PBXNativeTarget "OrgMark" */;
			buildPhases = (
				1C40C4BC2498494400320D9C /* Sources */,
				1C40C4BD2498494400320D9C /* Frameworks */,
				1C40C4BE2498494400320D9C /* Resources */,
			);
			buildRules = (
			);
			dependencies = (
			);
			name = OrgMark;
			packageProductDependencies = (
				1C40C4F72498529C00320D9C /* CocoaAsyncSocket */,
			);
			productName = OrgMark;
			productReference = 1C40C4C02498494400320D9C /* OrgMark.app */;
			productType = "com.apple.product-type.application";
		};
/* End PBXNativeTarget section */

/* Begin PBXProject section */
		1C40C4B82498494400320D9C /* Project object */ = {
			isa = PBXProject;
			attributes = {
				LastSwiftUpdateCheck = 1150;
				LastUpgradeCheck = 1150;
				ORGANIZATIONNAME = "Yuan Fu";
				TargetAttributes = {
					1C40C4BF2498494400320D9C = {
						CreatedOnToolsVersion = 11.5;
					};
				};
			};
			buildConfigurationList = 1C40C4BB2498494400320D9C /* Build configuration list for PBXProject "OrgMark" */;
			compatibilityVersion = "Xcode 9.3";
			developmentRegion = en;
			hasScannedForEncodings = 0;
			knownRegions = (
				en,
				Base,
			);
			mainGroup = 1C40C4B72498494400320D9C;
			packageReferences = (
				1C40C4F62498529C00320D9C /* XCRemoteSwiftPackageReference "CocoaAsyncSocket" */,
			);
			productRefGroup = 1C40C4C12498494400320D9C /* Products */;
			projectDirPath = "";
			projectRoot = "";
			targets = (
				1C40C4BF2498494400320D9C /* OrgMark */,
			);
		};
/* End PBXProject section */

/* Begin PBXResourcesBuildPhase section */
		1C40C4BE2498494400320D9C /* Resources */ = {
			isa = PBXResourcesBuildPhase;
			buildActionMask = 2147483647;
			files = (
				1C40C4D02498494600320D9C /* LaunchScreen.storyboard in Resources */,
				1C1F357C249988C9006B821D /* blank.pdf in Resources */,
				1C40C4CD2498494600320D9C /* Assets.xcassets in Resources */,
				1C40C4CB2498494400320D9C /* Main.storyboard in Resources */,
			);
			runOnlyForDeploymentPostprocessing = 0;
		};
/* End PBXResourcesBuildPhase section */

/* Begin PBXSourcesBuildPhase section */
		1C40C4BC2498494400320D9C /* Sources */ = {
			isa = PBXSourcesBuildPhase;
			buildActionMask = 2147483647;
			files = (
				1C40C4F52498526000320D9C /* Server.swift in Sources */,
				1C40C4C82498494400320D9C /* ViewController.swift in Sources */,
				1C40C4C42498494400320D9C /* AppDelegate.swift in Sources */,
				1C40C4F324984A4800320D9C /* PKViewController.swift in Sources */,
				1C40C4C62498494400320D9C /* SceneDelegate.swift in Sources */,
			);
			runOnlyForDeploymentPostprocessing = 0;
		};
/* End PBXSourcesBuildPhase section */

/* Begin PBXVariantGroup section */
		1C40C4C92498494400320D9C /* Main.storyboard */ = {
			isa = PBXVariantGroup;
			children = (
				1C40C4CA2498494400320D9C /* Base */,
			);
			name = Main.storyboard;
			sourceTree = "<group>";
		};
		1C40C4CE2498494600320D9C /* LaunchScreen.storyboard */ = {
			isa = PBXVariantGroup;
			children = (
				1C40C4CF2498494600320D9C /* Base */,
			);
			name = LaunchScreen.storyboard;
			sourceTree = "<group>";
		};
/* End PBXVariantGroup section */

/* Begin XCBuildConfiguration section */
		1C40C4D22498494600320D9C /* Debug */ = {
			isa = XCBuildConfiguration;
			buildSettings = {
				ALWAYS_SEARCH_USER_PATHS = NO;
				CLANG_ANALYZER_NONNULL = YES;
				CLANG_ANALYZER_NUMBER_OBJECT_CONVERSION = YES_AGGRESSIVE;
				CLANG_CXX_LANGUAGE_STANDARD = "gnu++14";
				CLANG_CXX_LIBRARY = "libc++";
				CLANG_ENABLE_MODULES = YES;
				CLANG_ENABLE_OBJC_ARC = YES;
				CLANG_ENABLE_OBJC_WEAK = YES;
				CLANG_WARN_BLOCK_CAPTURE_AUTORELEASING = YES;
				CLANG_WARN_BOOL_CONVERSION = YES;
				CLANG_WARN_COMMA = YES;
				CLANG_WARN_CONSTANT_CONVERSION = YES;
				CLANG_WARN_DEPRECATED_OBJC_IMPLEMENTATIONS = YES;
				CLANG_WARN_DIRECT_OBJC_ISA_USAGE = YES_ERROR;
				CLANG_WARN_DOCUMENTATION_COMMENTS = YES;
				CLANG_WARN_EMPTY_BODY = YES;
				CLANG_WARN_ENUM_CONVERSION = YES;
				CLANG_WARN_INFINITE_RECURSION = YES;
				CLANG_WARN_INT_CONVERSION = YES;
				CLANG_WARN_NON_LITERAL_NULL_CONVERSION = YES;
				CLANG_WARN_OBJC_IMPLICIT_RETAIN_SELF = YES;
				CLANG_WARN_OBJC_LITERAL_CONVERSION = YES;
				CLANG_WARN_OBJC_ROOT_CLASS = YES_ERROR;
				CLANG_WARN_RANGE_LOOP_ANALYSIS = YES;
				CLANG_WARN_STRICT_PROTOTYPES = YES;
				CLANG_WARN_SUSPICIOUS_MOVE = YES;
				CLANG_WARN_UNGUARDED_AVAILABILITY = YES_AGGRESSIVE;
				CLANG_WARN_UNREACHABLE_CODE = YES;
				CLANG_WARN__DUPLICATE_METHOD_MATCH = YES;
				COPY_PHASE_STRIP = NO;
				DEBUG_INFORMATION_FORMAT = dwarf;
				ENABLE_STRICT_OBJC_MSGSEND = YES;
				ENABLE_TESTABILITY = YES;
				GCC_C_LANGUAGE_STANDARD = gnu11;
				GCC_DYNAMIC_NO_PIC = NO;
				GCC_NO_COMMON_BLOCKS = YES;
				GCC_OPTIMIZATION_LEVEL = 0;
				GCC_PREPROCESSOR_DEFINITIONS = (
					"DEBUG=1",
					"$(inherited)",
				);
				GCC_WARN_64_TO_32_BIT_CONVERSION = YES;
				GCC_WARN_ABOUT_RETURN_TYPE = YES_ERROR;
				GCC_WARN_UNDECLARED_SELECTOR = YES;
				GCC_WARN_UNINITIALIZED_AUTOS = YES_AGGRESSIVE;
				GCC_WARN_UNUSED_FUNCTION = YES;
				GCC_WARN_UNUSED_VARIABLE = YES;
				IPHONEOS_DEPLOYMENT_TARGET = 13.4;
				MTL_ENABLE_DEBUG_INFO = INCLUDE_SOURCE;
				MTL_FAST_MATH = YES;
				ONLY_ACTIVE_ARCH = YES;
				SDKROOT = iphoneos;
				SWIFT_ACTIVE_COMPILATION_CONDITIONS = DEBUG;
				SWIFT_OPTIMIZATION_LEVEL = "-Onone";
			};
			name = Debug;
		};
		1C40C4D32498494600320D9C /* Release */ = {
			isa = XCBuildConfiguration;
			buildSettings = {
				ALWAYS_SEARCH_USER_PATHS = NO;
				CLANG_ANALYZER_NONNULL = YES;
				CLANG_ANALYZER_NUMBER_OBJECT_CONVERSION = YES_AGGRESSIVE;
				CLANG_CXX_LANGUAGE_STANDARD = "gnu++14";
				CLANG_CXX_LIBRARY = "libc++";
				CLANG_ENABLE_MODULES = YES;
				CLANG_ENABLE_OBJC_ARC = YES;
				CLANG_ENABLE_OBJC_WEAK = YES;
				CLANG_WARN_BLOCK_CAPTURE_AUTORELEASING = YES;
				CLANG_WARN_BOOL_CONVERSION = YES;
				CLANG_WARN_COMMA = YES;
				CLANG_WARN_CONSTANT_CONVERSION = YES;
				CLANG_WARN_DEPRECATED_OBJC_IMPLEMENTATIONS = YES;
				CLANG_WARN_DIRECT_OBJC_ISA_USAGE = YES_ERROR;
				CLANG_WARN_DOCUMENTATION_COMMENTS = YES;
				CLANG_WARN_EMPTY_BODY = YES;
				CLANG_WARN_ENUM_CONVERSION = YES;
				CLANG_WARN_INFINITE_RECURSION = YES;
				CLANG_WARN_INT_CONVERSION = YES;
				CLANG_WARN_NON_LITERAL_NULL_CONVERSION = YES;
				CLANG_WARN_OBJC_IMPLICIT_RETAIN_SELF = YES;
				CLANG_WARN_OBJC_LITERAL_CONVERSION = YES;
				CLANG_WARN_OBJC_ROOT_CLASS = YES_ERROR;
				CLANG_WARN_RANGE_LOOP_ANALYSIS = YES;
				CLANG_WARN_STRICT_PROTOTYPES = YES;
				CLANG_WARN_SUSPICIOUS_MOVE = YES;
				CLANG_WARN_UNGUARDED_AVAILABILITY = YES_AGGRESSIVE;
				CLANG_WARN_UNREACHABLE_CODE = YES;
				CLANG_WARN__DUPLICATE_METHOD_MATCH = YES;
				COPY_PHASE_STRIP = NO;
				DEBUG_INFORMATION_FORMAT = "dwarf-with-dsym";
				ENABLE_NS_ASSERTIONS = NO;
				ENABLE_STRICT_OBJC_MSGSEND = YES;
				GCC_C_LANGUAGE_STANDARD = gnu11;
				GCC_NO_COMMON_BLOCKS = YES;
				GCC_WARN_64_TO_32_BIT_CONVERSION = YES;
				GCC_WARN_ABOUT_RETURN_TYPE = YES_ERROR;
				GCC_WARN_UNDECLARED_SELECTOR = YES;
				GCC_WARN_UNINITIALIZED_AUTOS = YES_AGGRESSIVE;
				GCC_WARN_UNUSED_FUNCTION = YES;
				GCC_WARN_UNUSED_VARIABLE = YES;
				IPHONEOS_DEPLOYMENT_TARGET = 13.4;
				MTL_ENABLE_DEBUG_INFO = NO;
				MTL_FAST_MATH = YES;
				SDKROOT = iphoneos;
				SWIFT_COMPILATION_MODE = wholemodule;
				SWIFT_OPTIMIZATION_LEVEL = "-O";
				VALIDATE_PRODUCT = YES;
			};
			name = Release;
		};
		1C40C4D52498494600320D9C /* Debug */ = {
			isa = XCBuildConfiguration;
			buildSettings = {
				ASSETCATALOG_COMPILER_APPICON_NAME = AppIcon;
				CODE_SIGN_STYLE = Automatic;
				DEVELOPMENT_TEAM = 4AX3F7R9XQ;
				INFOPLIST_FILE = OrgMark/Info.plist;
				IPHONEOS_DEPLOYMENT_TARGET = 13.4;
				LD_RUNPATH_SEARCH_PATHS = (
					"$(inherited)",
					"@executable_path/Frameworks",
				);
				PRODUCT_BUNDLE_IDENTIFIER = net.willemml.OrgMark;
				PRODUCT_NAME = "$(TARGET_NAME)";
				SWIFT_VERSION = 5.0;
				TARGETED_DEVICE_FAMILY = 2;
			};
			name = Debug;
		};
		1C40C4D62498494600320D9C /* Release */ = {
			isa = XCBuildConfiguration;
			buildSettings = {
				ASSETCATALOG_COMPILER_APPICON_NAME = AppIcon;
				CODE_SIGN_STYLE = Automatic;
				DEVELOPMENT_TEAM = 4AX3F7R9XQ;
				INFOPLIST_FILE = OrgMark/Info.plist;
				IPHONEOS_DEPLOYMENT_TARGET = 13.4;
				LD_RUNPATH_SEARCH_PATHS = (
					"$(inherited)",
					"@executable_path/Frameworks",
				);
				PRODUCT_BUNDLE_IDENTIFIER = net.willemml.OrgMark;
				PRODUCT_NAME = "$(TARGET_NAME)";
				SWIFT_VERSION = 5.0;
				TARGETED_DEVICE_FAMILY = 2;
			};
			name = Release;
		};
/* End XCBuildConfiguration section */

/* Begin XCConfigurationList section */
		1C40C4BB2498494400320D9C /* Build configuration list for PBXProject "OrgMark" */ = {
			isa = XCConfigurationList;
			buildConfigurations = (
				1C40C4D22498494600320D9C /* Debug */,
				1C40C4D32498494600320D9C /* Release */,
			);
			defaultConfigurationIsVisible = 0;
			defaultConfigurationName = Release;
		};
		1C40C4D42498494600320D9C /* Build configuration list for PBXNativeTarget "OrgMark" */ = {
			isa = XCConfigurationList;
			buildConfigurations = (
				1C40C4D52498494600320D9C /* Debug */,
				1C40C4D62498494600320D9C /* Release */,
			);
			defaultConfigurationIsVisible = 0;
			defaultConfigurationName = Release;
		};
/* End XCConfigurationList section */

/* Begin XCRemoteSwiftPackageReference section */
		1C40C4F62498529C00320D9C /* XCRemoteSwiftPackageReference "CocoaAsyncSocket" */ = {
			isa = XCRemoteSwiftPackageReference;
			repositoryURL = "https://github.com/robbiehanson/CocoaAsyncSocket";
			requirement = {
				kind = upToNextMajorVersion;
				minimumVersion = 7.6.4;
			};
		};
/* End XCRemoteSwiftPackageReference section */

/* Begin XCSwiftPackageProductDependency section */
		1C40C4F72498529C00320D9C /* CocoaAsyncSocket */ = {
			isa = XCSwiftPackageProductDependency;
			package = 1C40C4F62498529C00320D9C /* XCRemoteSwiftPackageReference "CocoaAsyncSocket" */;
			productName = CocoaAsyncSocket;
		};
/* End XCSwiftPackageProductDependency section */
	};
	rootObject = 1C40C4B82498494400320D9C /* Project object */;
}
